
Microsoft Visual Studio Solution File, Format Version 12.00
# Visual Studio Version 17
VisualStudioVersion = 17.3.32922.545
MinimumVisualStudioVersion = 10.0.40219.1
Project("{FAE04EC0-301F-11D3-BF4B-00C04F79EFBC}") = "MessageLogs", "MessageLogs\MessageLogs.csproj", "{45E8BD21-B117-4EFF-97BB-B5ECB848432F}"
EndProject
Global
	GlobalSection(SolutionConfigurationPlatforms) = preSolution
		Debug|Any CPU = Debug|Any CPU
		Release|Any CPU = Release|Any CPU
	EndGlobalSection
	GlobalSection(ProjectConfigurationPlatforms) = postSolution
		{45E8BD21-B117-4EFF-97BB-B5ECB848432F}.Debug|Any CPU.ActiveCfg = Debug|Any CPU
		{45E8BD21-B117-4EFF-97BB-B5ECB848432F}.Debug|Any CPU.Build.0 = Debug|Any CPU
		{45E8BD21-B117-4EFF-97BB-B5ECB848432F}.Release|Any CPU.ActiveCfg = Release|Any CPU
		{45E8BD21-B117-4EFF-97BB-B5ECB848432F}.Release|Any CPU.Build.0 = Release|Any CPU
	EndGlobalSection
	GlobalSection(SolutionProperties) = preSolution
		HideSolutionNode = FALSE
	EndGlobalSection
	GlobalSection(ExtensibilityGlobals) = postSolution
		SolutionGuid = {605BC65B-ECF0-4067-AA24-580AAACB6955}
	EndGlobalSection
EndGlobal
